// !$*UTF8*$!
{
	archiveVersion = 1;
	classes = {
	};
	objectVersion = 48;
	objects = {

/* Begin PBXBuildFile section */
		1463AD7C1F11AE0300C04B7E /* AppDelegate.swift in Sources */ = {isa = PBXBuildFile; fileRef = 1463AD7B1F11AE0300C04B7E /* AppDelegate.swift */; };
		1463AD811F11AE0300C04B7E /* Main.storyboard in Resources */ = {isa = PBXBuildFile; fileRef = 1463AD7F1F11AE0300C04B7E /* Main.storyboard */; };
		1463AD831F11AE0300C04B7E /* Assets.xcassets in Resources */ = {isa = PBXBuildFile; fileRef = 1463AD821F11AE0300C04B7E /* Assets.xcassets */; };
		14D468721F11CC3C0030F29E /* FavoritesCollectionViewController.swift in Sources */ = {isa = PBXBuildFile; fileRef = 14D468711F11CC3C0030F29E /* FavoritesCollectionViewController.swift */; };
		14D552D11F11F1900036FAE1 /* Reachability.swift in Sources */ = {isa = PBXBuildFile; fileRef = 14D552D01F11F1900036FAE1 /* Reachability.swift */; };
		14D552D31F11F1C10036FAE1 /* HTTPClient.swift in Sources */ = {isa = PBXBuildFile; fileRef = 14D552D21F11F1C10036FAE1 /* HTTPClient.swift */; };
		14D552D51F11F20A0036FAE1 /* LibraryAPI.swift in Sources */ = {isa = PBXBuildFile; fileRef = 14D552D41F11F20A0036FAE1 /* LibraryAPI.swift */; };
		14D8A2631F128BFA007AF0FD /* WishList.swift in Sources */ = {isa = PBXBuildFile; fileRef = 14D8A2621F128BFA007AF0FD /* WishList.swift */; };
		14D8A2651F128C0E007AF0FD /* Product.swift in Sources */ = {isa = PBXBuildFile; fileRef = 14D8A2641F128C0E007AF0FD /* Product.swift */; };
		14D8A2671F128D40007AF0FD /* Owner.swift in Sources */ = {isa = PBXBuildFile; fileRef = 14D8A2661F128D40007AF0FD /* Owner.swift */; };
		14D8A26A1F129333007AF0FD /* Utils.swift in Sources */ = {isa = PBXBuildFile; fileRef = 14D8A2691F129333007AF0FD /* Utils.swift */; };
		14D8A26D1F1298CB007AF0FD /* SnapshotCollectionViewCell.swift in Sources */ = {isa = PBXBuildFile; fileRef = 14D8A26C1F1298CB007AF0FD /* SnapshotCollectionViewCell.swift */; };
		14D8A26F1F129AC2007AF0FD /* FavoriteCollectionViewCell.swift in Sources */ = {isa = PBXBuildFile; fileRef = 14D8A26E1F129AC2007AF0FD /* FavoriteCollectionViewCell.swift */; };
		994124CC5E8DA802606BE195 /* Pods_LinioTestCode.framework in Frameworks */ = {isa = PBXBuildFile; fileRef = 88E72B0377EAB995EE73757A /* Pods_LinioTestCode.framework */; };
/* End PBXBuildFile section */

/* Begin PBXFileReference section */
		1463AD781F11AE0300C04B7E /* LinioTestCode.app */ = {isa = PBXFileReference; explicitFileType = wrapper.application; includeInIndex = 0; path = LinioTestCode.app; sourceTree = BUILT_PRODUCTS_DIR; };
		1463AD7B1F11AE0300C04B7E /* AppDelegate.swift */ = {isa = PBXFileReference; lastKnownFileType = sourcecode.swift; path = AppDelegate.swift; sourceTree = "<group>"; };
		1463AD801F11AE0300C04B7E /* Base */ = {isa = PBXFileReference; lastKnownFileType = file.storyboard; name = Base; path = Base.lproj/Main.storyboard; sourceTree = "<group>"; };
		1463AD821F11AE0300C04B7E /* Assets.xcassets */ = {isa = PBXFileReference; lastKnownFileType = folder.assetcatalog; path = Assets.xcassets; sourceTree = "<group>"; };
		1463AD871F11AE0300C04B7E /* Info.plist */ = {isa = PBXFileReference; lastKnownFileType = text.plist.xml; path = Info.plist; sourceTree = "<group>"; };
		14D468711F11CC3C0030F29E /* FavoritesCollectionViewController.swift */ = {isa = PBXFileReference; lastKnownFileType = sourcecode.swift; path = FavoritesCollectionViewController.swift; sourceTree = "<group>"; };
		14D552D01F11F1900036FAE1 /* Reachability.swift */ = {isa = PBXFileReference; fileEncoding = 4; lastKnownFileType = sourcecode.swift; path = Reachability.swift; sourceTree = "<group>"; };
		14D552D21F11F1C10036FAE1 /* HTTPClient.swift */ = {isa = PBXFileReference; fileEncoding = 4; lastKnownFileType = sourcecode.swift; path = HTTPClient.swift; sourceTree = "<group>"; };
		14D552D41F11F20A0036FAE1 /* LibraryAPI.swift */ = {isa = PBXFileReference; fileEncoding = 4; lastKnownFileType = sourcecode.swift; path = LibraryAPI.swift; sourceTree = "<group>"; };
		14D8A2621F128BFA007AF0FD /* WishList.swift */ = {isa = PBXFileReference; fileEncoding = 4; lastKnownFileType = sourcecode.swift; path = WishList.swift; sourceTree = "<group>"; };
		14D8A2641F128C0E007AF0FD /* Product.swift */ = {isa = PBXFileReference; fileEncoding = 4; lastKnownFileType = sourcecode.swift; path = Product.swift; sourceTree = "<group>"; };
		14D8A2661F128D40007AF0FD /* Owner.swift */ = {isa = PBXFileReference; fileEncoding = 4; lastKnownFileType = sourcecode.swift; path = Owner.swift; sourceTree = "<group>"; };
		14D8A2691F129333007AF0FD /* Utils.swift */ = {isa = PBXFileReference; fileEncoding = 4; lastKnownFileType = sourcecode.swift; path = Utils.swift; sourceTree = "<group>"; };
		14D8A26C1F1298CB007AF0FD /* SnapshotCollectionViewCell.swift */ = {isa = PBXFileReference; fileEncoding = 4; lastKnownFileType = sourcecode.swift; path = SnapshotCollectionViewCell.swift; sourceTree = "<group>"; };
		14D8A26E1F129AC2007AF0FD /* FavoriteCollectionViewCell.swift */ = {isa = PBXFileReference; fileEncoding = 4; lastKnownFileType = sourcecode.swift; path = FavoriteCollectionViewCell.swift; sourceTree = "<group>"; };
		72A7FAE5D1824DF5DBDEE979 /* Pods-LinioTestCode.debug.xcconfig */ = {isa = PBXFileReference; includeInIndex = 1; lastKnownFileType = text.xcconfig; name = "Pods-LinioTestCode.debug.xcconfig"; path = "Pods/Target Support Files/Pods-LinioTestCode/Pods-LinioTestCode.debug.xcconfig"; sourceTree = "<group>"; };
		88E72B0377EAB995EE73757A /* Pods_LinioTestCode.framework */ = {isa = PBXFileReference; explicitFileType = wrapper.framework; includeInIndex = 0; path = Pods_LinioTestCode.framework; sourceTree = BUILT_PRODUCTS_DIR; };
		8FD24294F5E45A9242966F56 /* Pods-LinioTestCode.release.xcconfig */ = {isa = PBXFileReference; includeInIndex = 1; lastKnownFileType = text.xcconfig; name = "Pods-LinioTestCode.release.xcconfig"; path = "Pods/Target Support Files/Pods-LinioTestCode/Pods-LinioTestCode.release.xcconfig"; sourceTree = "<group>"; };
/* End PBXFileReference section */

/* Begin PBXFrameworksBuildPhase section */
		1463AD751F11AE0300C04B7E /* Frameworks */ = {
			isa = PBXFrameworksBuildPhase;
			buildActionMask = 2147483647;
			files = (
				994124CC5E8DA802606BE195 /* Pods_LinioTestCode.framework in Frameworks */,
			);
			runOnlyForDeploymentPostprocessing = 0;
		};
/* End PBXFrameworksBuildPhase section */

/* Begin PBXGroup section */
		1463AD6F1F11AE0300C04B7E = {
			isa = PBXGroup;
			children = (
				1463AD7A1F11AE0300C04B7E /* LinioTestCode */,
				1463AD791F11AE0300C04B7E /* Products */,
				FD1A65402BD96316E755034B /* Pods */,
				A0AB037D12BD5F5578503A16 /* Frameworks */,
			);
			sourceTree = "<group>";
		};
		1463AD791F11AE0300C04B7E /* Products */ = {
			isa = PBXGroup;
			children = (
				1463AD781F11AE0300C04B7E /* LinioTestCode.app */,
			);
			name = Products;
			sourceTree = "<group>";
		};
		1463AD7A1F11AE0300C04B7E /* LinioTestCode */ = {
			isa = PBXGroup;
			children = (
				14D8A2681F129308007AF0FD /* Utils */,
				14D552CF1F11F14E0036FAE1 /* ConectionManager */,
				14D468731F11CED80030F29E /* Model */,
				14D4686F1F11CC040030F29E /* Favorites */,
				1463AD7B1F11AE0300C04B7E /* AppDelegate.swift */,
				1463AD7F1F11AE0300C04B7E /* Main.storyboard */,
				1463AD821F11AE0300C04B7E /* Assets.xcassets */,
				1463AD871F11AE0300C04B7E /* Info.plist */,
			);
			path = LinioTestCode;
			sourceTree = "<group>";
		};
		14D4686F1F11CC040030F29E /* Favorites */ = {
			isa = PBXGroup;
			children = (
				14D8A26B1F12983C007AF0FD /* Cells */,
				14D468701F11CC110030F29E /* Controllers */,
			);
			path = Favorites;
			sourceTree = "<group>";
		};
		14D468701F11CC110030F29E /* Controllers */ = {
			isa = PBXGroup;
			children = (
				14D468711F11CC3C0030F29E /* FavoritesCollectionViewController.swift */,
			);
			path = Controllers;
			sourceTree = "<group>";
		};
		14D468731F11CED80030F29E /* Model */ = {
			isa = PBXGroup;
			children = (
				14D8A2621F128BFA007AF0FD /* WishList.swift */,
				14D8A2641F128C0E007AF0FD /* Product.swift */,
				14D8A2661F128D40007AF0FD /* Owner.swift */,
			);
			path = Model;
			sourceTree = "<group>";
		};
		14D552CF1F11F14E0036FAE1 /* ConectionManager */ = {
			isa = PBXGroup;
			children = (
				14D552D01F11F1900036FAE1 /* Reachability.swift */,
				14D552D21F11F1C10036FAE1 /* HTTPClient.swift */,
				14D552D41F11F20A0036FAE1 /* LibraryAPI.swift */,
			);
			name = ConectionManager;
			path = Model;
			sourceTree = "<group>";
		};
		14D8A2681F129308007AF0FD /* Utils */ = {
			isa = PBXGroup;
			children = (
				14D8A2691F129333007AF0FD /* Utils.swift */,
			);
			name = Utils;
			sourceTree = "<group>";
		};
		14D8A26B1F12983C007AF0FD /* Cells */ = {
			isa = PBXGroup;
			children = (
				14D8A26C1F1298CB007AF0FD /* SnapshotCollectionViewCell.swift */,
				14D8A26E1F129AC2007AF0FD /* FavoriteCollectionViewCell.swift */,
			);
			name = Cells;
			sourceTree = "<group>";
		};
		A0AB037D12BD5F5578503A16 /* Frameworks */ = {
			isa = PBXGroup;
			children = (
				88E72B0377EAB995EE73757A /* Pods_LinioTestCode.framework */,
			);
			name = Frameworks;
			sourceTree = "<group>";
		};
		FD1A65402BD96316E755034B /* Pods */ = {
			isa = PBXGroup;
			children = (
				72A7FAE5D1824DF5DBDEE979 /* Pods-LinioTestCode.debug.xcconfig */,
				8FD24294F5E45A9242966F56 /* Pods-LinioTestCode.release.xcconfig */,
			);
			name = Pods;
			sourceTree = "<group>";
		};
/* End PBXGroup section */

/* Begin PBXNativeTarget section */
		1463AD771F11AE0300C04B7E /* LinioTestCode */ = {
			isa = PBXNativeTarget;
			buildConfigurationList = 1463AD8A1F11AE0300C04B7E /* Build configuration list for PBXNativeTarget "LinioTestCode" */;
			buildPhases = (
				0F7CE1DC3A79C121E465DF37 /* [CP] Check Pods Manifest.lock */,
				1463AD741F11AE0300C04B7E /* Sources */,
				1463AD751F11AE0300C04B7E /* Frameworks */,
				1463AD761F11AE0300C04B7E /* Resources */,
				E16AB4F5BB8ACDA210FBEC5F /* [CP] Embed Pods Frameworks */,
				48B557CF2A672DDFBFBF50E5 /* [CP] Copy Pods Resources */,
			);
			buildRules = (
			);
			dependencies = (
			);
			name = LinioTestCode;
			productName = LinioTestCode;
			productReference = 1463AD781F11AE0300C04B7E /* LinioTestCode.app */;
			productType = "com.apple.product-type.application";
		};
/* End PBXNativeTarget section */

/* Begin PBXProject section */
		1463AD701F11AE0300C04B7E /* Project object */ = {
			isa = PBXProject;
			attributes = {
				LastSwiftUpdateCheck = 0900;
				LastUpgradeCheck = 0900;
				ORGANIZATIONNAME = "Emmanuel Cruz";
				TargetAttributes = {
					1463AD771F11AE0300C04B7E = {
						CreatedOnToolsVersion = 9.0;
					};
				};
			};
			buildConfigurationList = 1463AD731F11AE0300C04B7E /* Build configuration list for PBXProject "LinioTestCode" */;
			compatibilityVersion = "Xcode 8.0";
			developmentRegion = en;
			hasScannedForEncodings = 0;
			knownRegions = (
				en,
				Base,
			);
			mainGroup = 1463AD6F1F11AE0300C04B7E;
			productRefGroup = 1463AD791F11AE0300C04B7E /* Products */;
			projectDirPath = "";
			projectRoot = "";
			targets = (
				1463AD771F11AE0300C04B7E /* LinioTestCode */,
			);
		};
/* End PBXProject section */

/* Begin PBXResourcesBuildPhase section */
		1463AD761F11AE0300C04B7E /* Resources */ = {
			isa = PBXResourcesBuildPhase;
			buildActionMask = 2147483647;
			files = (
				1463AD831F11AE0300C04B7E /* Assets.xcassets in Resources */,
				1463AD811F11AE0300C04B7E /* Main.storyboard in Resources */,
			);
			runOnlyForDeploymentPostprocessing = 0;
		};
/* End PBXResourcesBuildPhase section */

/* Begin PBXShellScriptBuildPhase section */
		0F7CE1DC3A79C121E465DF37 /* [CP] Check Pods Manifest.lock */ = {
			isa = PBXShellScriptBuildPhase;
			buildActionMask = 2147483647;
			files = (
			);
			inputPaths = (
			);
			name = "[CP] Check Pods Manifest.lock";
			outputPaths = (
			);
			runOnlyForDeploymentPostprocessing = 0;
			shellPath = /bin/sh;
			shellScript = "diff \"${PODS_ROOT}/../Podfile.lock\" \"${PODS_ROOT}/Manifest.lock\" > /dev/null\nif [ $? != 0 ] ; then\n    # print error to STDERR\n    echo \"error: The sandbox is not in sync with the Podfile.lock. Run 'pod install' or update your CocoaPods installation.\" >&2\n    exit 1\nfi\n";
			showEnvVarsInLog = 0;
		};
		48B557CF2A672DDFBFBF50E5 /* [CP] Copy Pods Resources */ = {
			isa = PBXShellScriptBuildPhase;
			buildActionMask = 2147483647;
			files = (
			);
			inputPaths = (
			);
			name = "[CP] Copy Pods Resources";
			outputPaths = (
			);
			runOnlyForDeploymentPostprocessing = 0;
			shellPath = /bin/sh;
			shellScript = "\"${SRCROOT}/Pods/Target Support Files/Pods-LinioTestCode/Pods-LinioTestCode-resources.sh\"\n";
			showEnvVarsInLog = 0;
		};
		E16AB4F5BB8ACDA210FBEC5F /* [CP] Embed Pods Frameworks */ = {
			isa = PBXShellScriptBuildPhase;
			buildActionMask = 2147483647;
			files = (
			);
			inputPaths = (
			);
			name = "[CP] Embed Pods Frameworks";
			outputPaths = (
			);
			runOnlyForDeploymentPostprocessing = 0;
			shellPath = /bin/sh;
			shellScript = "\"${SRCROOT}/Pods/Target Support Files/Pods-LinioTestCode/Pods-LinioTestCode-frameworks.sh\"\n";
			showEnvVarsInLog = 0;
		};
/* End PBXShellScriptBuildPhase section */

/* Begin PBXSourcesBuildPhase section */
		1463AD741F11AE0300C04B7E /* Sources */ = {
			isa = PBXSourcesBuildPhase;
			buildActionMask = 2147483647;
			files = (
				14D468721F11CC3C0030F29E /* FavoritesCollectionViewController.swift in Sources */,
				14D8A2671F128D40007AF0FD /* Owner.swift in Sources */,
				14D8A26A1F129333007AF0FD /* Utils.swift in Sources */,
				14D552D51F11F20A0036FAE1 /* LibraryAPI.swift in Sources */,
				14D8A2631F128BFA007AF0FD /* WishList.swift in Sources */,
				1463AD7C1F11AE0300C04B7E /* AppDelegate.swift in Sources */,
				14D8A26D1F1298CB007AF0FD /* SnapshotCollectionViewCell.swift in Sources */,
				14D552D31F11F1C10036FAE1 /* HTTPClient.swift in Sources */,
				14D8A26F1F129AC2007AF0FD /* FavoriteCollectionViewCell.swift in Sources */,
				14D552D11F11F1900036FAE1 /* Reachability.swift in Sources */,
				14D8A2651F128C0E007AF0FD /* Product.swift in Sources */,
			);
			runOnlyForDeploymentPostprocessing = 0;
		};
/* End PBXSourcesBuildPhase section */

/* Begin PBXVariantGroup section */
		1463AD7F1F11AE0300C04B7E /* Main.storyboard */ = {
			isa = PBXVariantGroup;
			children = (
				1463AD801F11AE0300C04B7E /* Base */,
			);
			name = Main.storyboard;
			sourceTree = "<group>";
		};
/* End PBXVariantGroup section */

/* Begin XCBuildConfiguration section */
		1463AD881F11AE0300C04B7E /* Debug */ = {
			isa = XCBuildConfiguration;
			buildSettings = {
				ALWAYS_SEARCH_USER_PATHS = NO;
				CLANG_ANALYZER_NONNULL = YES;
				CLANG_ANALYZER_NUMBER_OBJECT_CONVERSION = YES_AGGRESSIVE;
				CLANG_CXX_LANGUAGE_STANDARD = "gnu++14";
				CLANG_CXX_LIBRARY = "libc++";
				CLANG_ENABLE_MODULES = YES;
				CLANG_ENABLE_OBJC_ARC = YES;
				CLANG_WARN_BLOCK_CAPTURE_AUTORELEASING = YES;
				CLANG_WARN_BOOL_CONVERSION = YES;
				CLANG_WARN_COMMA = YES;
				CLANG_WARN_CONSTANT_CONVERSION = YES;
				CLANG_WARN_DIRECT_OBJC_ISA_USAGE = YES_ERROR;
				CLANG_WARN_DOCUMENTATION_COMMENTS = YES;
				CLANG_WARN_EMPTY_BODY = YES;
				CLANG_WARN_ENUM_CONVERSION = YES;
				CLANG_WARN_INFINITE_RECURSION = YES;
				CLANG_WARN_INT_CONVERSION = YES;
				CLANG_WARN_NON_LITERAL_NULL_CONVERSION = YES;
				CLANG_WARN_OBJC_LITERAL_CONVERSION = YES;
				CLANG_WARN_OBJC_ROOT_CLASS = YES_ERROR;
				CLANG_WARN_RANGE_LOOP_ANALYSIS = YES;
				CLANG_WARN_STRICT_PROTOTYPES = YES;
				CLANG_WARN_SUSPICIOUS_MOVE = YES;
				CLANG_WARN_UNGUARDED_AVAILABILITY = YES_AGGRESSIVE;
				CLANG_WARN_UNREACHABLE_CODE = YES;
				CLANG_WARN__DUPLICATE_METHOD_MATCH = YES;
				CODE_SIGN_IDENTITY = "iPhone Developer";
				COPY_PHASE_STRIP = NO;
				DEBUG_INFORMATION_FORMAT = dwarf;
				ENABLE_STRICT_OBJC_MSGSEND = YES;
				ENABLE_TESTABILITY = YES;
				GCC_C_LANGUAGE_STANDARD = gnu11;
				GCC_DYNAMIC_NO_PIC = NO;
				GCC_NO_COMMON_BLOCKS = YES;
				GCC_OPTIMIZATION_LEVEL = 0;
				GCC_PREPROCESSOR_DEFINITIONS = (
					"DEBUG=1",
					"$(inherited)",
				);
				GCC_WARN_64_TO_32_BIT_CONVERSION = YES;
				GCC_WARN_ABOUT_RETURN_TYPE = YES_ERROR;
				GCC_WARN_UNDECLARED_SELECTOR = YES;
				GCC_WARN_UNINITIALIZED_AUTOS = YES_AGGRESSIVE;
				GCC_WARN_UNUSED_FUNCTION = YES;
				GCC_WARN_UNUSED_VARIABLE = YES;
				IPHONEOS_DEPLOYMENT_TARGET = 11.0;
				MTL_ENABLE_DEBUG_INFO = YES;
				ONLY_ACTIVE_ARCH = YES;
				SDKROOT = iphoneos;
				SWIFT_ACTIVE_COMPILATION_CONDITIONS = DEBUG;
				SWIFT_OPTIMIZATION_LEVEL = "-Onone";
			};
			name = Debug;
		};
		1463AD891F11AE0300C04B7E /* Release */ = {
			isa = XCBuildConfiguration;
			buildSettings = {
				ALWAYS_SEARCH_USER_PATHS = NO;
				CLANG_ANALYZER_NONNULL = YES;
				CLANG_ANALYZER_NUMBER_OBJECT_CONVERSION = YES_AGGRESSIVE;
				CLANG_CXX_LANGUAGE_STANDARD = "gnu++14";
				CLANG_CXX_LIBRARY = "libc++";
				CLANG_ENABLE_MODULES = YES;
				CLANG_ENABLE_OBJC_ARC = YES;
				CLANG_WARN_BLOCK_CAPTURE_AUTORELEASING = YES;
				CLANG_WARN_BOOL_CONVERSION = YES;
				CLANG_WARN_COMMA = YES;
				CLANG_WARN_CONSTANT_CONVERSION = YES;
				CLANG_WARN_DIRECT_OBJC_ISA_USAGE = YES_ERROR;
				CLANG_WARN_DOCUMENTATION_COMMENTS = YES;
				CLANG_WARN_EMPTY_BODY = YES;
				CLANG_WARN_ENUM_CONVERSION = YES;
				CLANG_WARN_INFINITE_RECURSION = YES;
				CLANG_WARN_INT_CONVERSION = YES;
				CLANG_WARN_NON_LITERAL_NULL_CONVERSION = YES;
				CLANG_WARN_OBJC_LITERAL_CONVERSION = YES;
				CLANG_WARN_OBJC_ROOT_CLASS = YES_ERROR;
				CLANG_WARN_RANGE_LOOP_ANALYSIS = YES;
				CLANG_WARN_STRICT_PROTOTYPES = YES;
				CLANG_WARN_SUSPICIOUS_MOVE = YES;
				CLANG_WARN_UNGUARDED_AVAILABILITY = YES_AGGRESSIVE;
				CLANG_WARN_UNREACHABLE_CODE = YES;
				CLANG_WARN__DUPLICATE_METHOD_MATCH = YES;
				CODE_SIGN_IDENTITY = "iPhone Developer";
				COPY_PHASE_STRIP = NO;
				DEBUG_INFORMATION_FORMAT = "dwarf-with-dsym";
				ENABLE_NS_ASSERTIONS = NO;
				ENABLE_STRICT_OBJC_MSGSEND = YES;
				GCC_C_LANGUAGE_STANDARD = gnu11;
				GCC_NO_COMMON_BLOCKS = YES;
				GCC_WARN_64_TO_32_BIT_CONVERSION = YES;
				GCC_WARN_ABOUT_RETURN_TYPE = YES_ERROR;
				GCC_WARN_UNDECLARED_SELECTOR = YES;
				GCC_WARN_UNINITIALIZED_AUTOS = YES_AGGRESSIVE;
				GCC_WARN_UNUSED_FUNCTION = YES;
				GCC_WARN_UNUSED_VARIABLE = YES;
				IPHONEOS_DEPLOYMENT_TARGET = 11.0;
				MTL_ENABLE_DEBUG_INFO = NO;
				SDKROOT = iphoneos;
				SWIFT_OPTIMIZATION_LEVEL = "-Owholemodule";
				VALIDATE_PRODUCT = YES;
			};
			name = Release;
		};
		1463AD8B1F11AE0300C04B7E /* Debug */ = {
			isa = XCBuildConfiguration;
			baseConfigurationReference = 72A7FAE5D1824DF5DBDEE979 /* Pods-LinioTestCode.debug.xcconfig */;
			buildSettings = {
				ASSETCATALOG_COMPILER_APPICON_NAME = AppIcon;
				ASSETCATALOG_COMPILER_LAUNCHIMAGE_NAME = LaunchImage;
				DEVELOPMENT_TEAM = G78WA842RT;
				INFOPLIST_FILE = LinioTestCode/Info.plist;
				IPHONEOS_DEPLOYMENT_TARGET = 9.0;
				LD_RUNPATH_SEARCH_PATHS = "$(inherited) @executable_path/Frameworks";
				PRODUCT_BUNDLE_IDENTIFIER = com.emmanuel.LinioTestCode;
				PRODUCT_NAME = "$(TARGET_NAME)";
				SWIFT_VERSION = 3.0;
				TARGETED_DEVICE_FAMILY = "1,2";
			};
			name = Debug;
		};
		1463AD8C1F11AE0300C04B7E /* Release */ = {
			isa = XCBuildConfiguration;
			baseConfigurationReference = 8FD24294F5E45A9242966F56 /* Pods-LinioTestCode.release.xcconfig */;
			buildSettings = {
				ASSETCATALOG_COMPILER_APPICON_NAME = AppIcon;
				ASSETCATALOG_COMPILER_LAUNCHIMAGE_NAME = LaunchImage;
				DEVELOPMENT_TEAM = G78WA842RT;
				INFOPLIST_FILE = LinioTestCode/Info.plist;
				IPHONEOS_DEPLOYMENT_TARGET = 9.0;
				LD_RUNPATH_SEARCH_PATHS = "$(inherited) @executable_path/Frameworks";
				PRODUCT_BUNDLE_IDENTIFIER = com.emmanuel.LinioTestCode;
				PRODUCT_NAME = "$(TARGET_NAME)";
				SWIFT_VERSION = 3.0;
				TARGETED_DEVICE_FAMILY = "1,2";
			};
			name = Release;
		};
/* End XCBuildConfiguration section */

/* Begin XCConfigurationList section */
		1463AD731F11AE0300C04B7E /* Build configuration list for PBXProject "LinioTestCode" */ = {
			isa = XCConfigurationList;
			buildConfigurations = (
				1463AD881F11AE0300C04B7E /* Debug */,
				1463AD891F11AE0300C04B7E /* Release */,
			);
			defaultConfigurationIsVisible = 0;
			defaultConfigurationName = Release;
		};
		1463AD8A1F11AE0300C04B7E /* Build configuration list for PBXNativeTarget "LinioTestCode" */ = {
			isa = XCConfigurationList;
			buildConfigurations = (
				1463AD8B1F11AE0300C04B7E /* Debug */,
				1463AD8C1F11AE0300C04B7E /* Release */,
			);
			defaultConfigurationIsVisible = 0;
			defaultConfigurationName = Release;
		};
/* End XCConfigurationList section */
	};
	rootObject = 1463AD701F11AE0300C04B7E /* Project object */;
}
